{
  "name": "CS5805-ML1-FinalProject",
  "lockfileVersion": 3,
  "requires": true,
  "packages": {
    "": {
      "devDependencies": {
        "@angular/animations": "^16.2.8",
        "@angular/platform-browser": "^16.2.8"
      }
    },
    "node_modules/@angular/animations": {
      "version": "16.2.8",
      "resolved": "https://registry.npmjs.org/@angular/animations/-/animations-16.2.8.tgz",
      "integrity": "sha512-tjJID1eZORcC9N1f0JIcOzirv6D1q2q7y2S6h51WncJC5G9vOUpIOoOE3gmg0TH0FS41wJe/WfiQku3BuoMA9w==",
      "dev": true,
      "dependencies": {
        "tslib": "^2.3.0"
      },
      "engines": {
        "node": "^16.14.0 || >=18.10.0"
      },
      "peerDependencies": {
        "@angular/core": "16.2.8"
      }
    },
    "node_modules/@angular/common": {
      "version": "16.2.8",
      "resolved": "https://registry.npmjs.org/@angular/common/-/common-16.2.8.tgz",
      "integrity": "sha512-0LZSBHnk9c6XPcrQx9D8i0DKi807IuiuOtK4kMa64aj1pySY3TK+uort5hqpmhgdqiCbBHZjgpRpU83LoTTl3w==",
      "dev": true,
      "peer": true,
      "dependencies": {
        "tslib": "^2.3.0"
      },
      "engines": {
        "node": "^16.14.0 || >=18.10.0"
      },
      "peerDependencies": {
        "@angular/core": "16.2.8",
        "rxjs": "^6.5.3 || ^7.4.0"
      }
    },
    "node_modules/@angular/core": {
      "version": "16.2.8",
      "resolved": "https://registry.npmjs.org/@angular/core/-/core-16.2.8.tgz",
      "integrity": "sha512-v3kwZsjf7mKBGMky+UfxV3iwA1BFy1c3gmjyHSPSll9TPr2jkfwstoB2Cc+wmS2S9ezHFAMX++XXRymKVRQzQg==",
      "dev": true,
      "peer": true,
      "dependencies": {
        "tslib": "^2.3.0"
      },
      "engines": {
        "node": "^16.14.0 || >=18.10.0"
      },
      "peerDependencies": {
        "rxjs": "^6.5.3 || ^7.4.0",
        "zone.js": "~0.13.0"
      }
    },
    "node_modules/@angular/platform-browser": {
      "version": "16.2.8",
      "resolved": "https://registry.npmjs.org/@angular/platform-browser/-/platform-browser-16.2.8.tgz",
      "integrity": "sha512-y0rt8HmnTjvZrqt+bKU5CnmaI7xQiRWIaLWpYXGgqcqqMDgMYwSm2lV3H6K6S1v0ut+Q+zIWj2rGjr8Apox34Q==",
      "dev": true,
      "dependencies": {
        "tslib": "^2.3.0"
      },
      "engines": {
        "node": "^16.14.0 || >=18.10.0"
      },
      "peerDependencies": {
        "@angular/animations": "16.2.8",
        "@angular/common": "16.2.8",
        "@angular/core": "16.2.8"
      },
      "peerDependenciesMeta": {
        "@angular/animations": {
          "optional": true
        }
      }
    },
    "node_modules/rxjs": {
      "version": "7.8.1",
      "resolved": "https://registry.npmjs.org/rxjs/-/rxjs-7.8.1.tgz",
      "integrity": "sha512-AA3TVj+0A2iuIoQkWEK/tqFjBq2j+6PO6Y0zJcvzLAFhEFIO3HL0vls9hWLncZbAAbK0mar7oZ4V079I/qPMxg==",
      "dev": true,
      "peer": true,
      "dependencies": {
        "tslib": "^2.1.0"
      }
    },
    "node_modules/tslib": {
      "version": "2.6.2",
      "resolved": "https://registry.npmjs.org/tslib/-/tslib-2.6.2.tgz",
      "integrity": "sha512-AEYxH93jGFPn/a2iVAwW87VuUIkR1FVUKB77NwMF7nBTDkDrrT/Hpt/IrCJ0QXhW27jTBDcf5ZY7w6RiqTMw2Q==",
      "dev": true
    },
    "node_modules/zone.js": {
      "version": "0.13.3",
      "resolved": "https://registry.npmjs.org/zone.js/-/zone.js-0.13.3.tgz",
      "integrity": "sha512-MKPbmZie6fASC/ps4dkmIhaT5eonHkEt6eAy80K42tAm0G2W+AahLJjbfi6X9NPdciOE9GRFTTM8u2IiF6O3ww==",
      "dev": true,
      "peer": true,
      "dependencies": {
        "tslib": "^2.3.0"
      }
    }
  }
}
